
Microsoft Visual Studio Solution File, Format Version 12.00
# Visual Studio Version 16
VisualStudioVersion = 16.0.30523.141
MinimumVisualStudioVersion = 10.0.40219.1
Project("{FAE04EC0-301F-11D3-BF4B-00C04F79EFBC}") = "ASP.NET-FormElemanlari", "ASP.NET-FormElemanlari\ASP.NET-FormElemanlari.csproj", "{F03B8CB7-87BB-4071-BFFD-66F1748A9828}"
EndProject
Global
	GlobalSection(SolutionConfigurationPlatforms) = preSolution
		Debug|Any CPU = Debug|Any CPU
		Release|Any CPU = Release|Any CPU
	EndGlobalSection
	GlobalSection(ProjectConfigurationPlatforms) = postSolution
		{F03B8CB7-87BB-4071-BFFD-66F1748A9828}.Debug|Any CPU.ActiveCfg = Debug|Any CPU
		{F03B8CB7-87BB-4071-BFFD-66F1748A9828}.Debug|Any CPU.Build.0 = Debug|Any CPU
		{F03B8CB7-87BB-4071-BFFD-66F1748A9828}.Release|Any CPU.ActiveCfg = Release|Any CPU
		{F03B8CB7-87BB-4071-BFFD-66F1748A9828}.Release|Any CPU.Build.0 = Release|Any CPU
	EndGlobalSection
	GlobalSection(SolutionProperties) = preSolution
		HideSolutionNode = FALSE
	EndGlobalSection
	GlobalSection(ExtensibilityGlobals) = postSolution
		SolutionGuid = {7D772F4D-4163-4DAF-956F-ED47CCB123E4}
	EndGlobalSection
EndGlobal
